
Microsoft Visual Studio Solution File, Format Version 12.00
# Visual Studio 15
VisualStudioVersion = 15.0.27130.2020
MinimumVisualStudioVersion = 10.0.40219.1
Project("{FAE04EC0-301F-11D3-BF4B-00C04F79EFBC}") = "AKIRA_F_Sev", "AKIRA_F_Sev\AKIRA_F_Sev.csproj", "{8083BDD7-87C7-4819-AD6E-0598989A782D}"
EndProject
Global
	GlobalSection(SolutionConfigurationPlatforms) = preSolution
		Debug|Any CPU = Debug|Any CPU
		Release|Any CPU = Release|Any CPU
	EndGlobalSection
	GlobalSection(ProjectConfigurationPlatforms) = postSolution
		{8083BDD7-87C7-4819-AD6E-0598989A782D}.Debug|Any CPU.ActiveCfg = Debug|Any CPU
		{8083BDD7-87C7-4819-AD6E-0598989A782D}.Debug|Any CPU.Build.0 = Debug|Any CPU
		{8083BDD7-87C7-4819-AD6E-0598989A782D}.Release|Any CPU.ActiveCfg = Release|Any CPU
		{8083BDD7-87C7-4819-AD6E-0598989A782D}.Release|Any CPU.Build.0 = Release|Any CPU
	EndGlobalSection
	GlobalSection(SolutionProperties) = preSolution
		HideSolutionNode = FALSE
	EndGlobalSection
	GlobalSection(ExtensibilityGlobals) = postSolution
		SolutionGuid = {1A3390BB-B3D0-40F6-A74A-C87269D9E803}
	EndGlobalSection
EndGlobal
